// !$*UTF8*$!
{
	archiveVersion = 1;
	classes = {
	};
	objectVersion = 46;
	objects = {

/* Begin PBXBuildFile section */
		FE205DC919BD040F00A2ADD8 /* CountryListModel.swift in Sources */ = {isa = PBXBuildFile; fileRef = FE205DC819BD040F00A2ADD8 /* CountryListModel.swift */; };
		FE2AFEB819B4C95B0056F0E0 /* CountryModel.swift in Sources */ = {isa = PBXBuildFile; fileRef = FE2AFEB619B4C95B0056F0E0 /* CountryModel.swift */; };
		FE2AFEB919B4C95B0056F0E0 /* ExchangeCalculatorModel.swift in Sources */ = {isa = PBXBuildFile; fileRef = FE2AFEB719B4C95B0056F0E0 /* ExchangeCalculatorModel.swift */; };
		FE5FC41119B299820008333D /* countries.plist in Resources */ = {isa = PBXBuildFile; fileRef = FE5FC41019B299820008333D /* countries.plist */; };
		FEE86B5419B1767B00852F94 /* AppDelegate.swift in Sources */ = {isa = PBXBuildFile; fileRef = FEE86B5319B1767B00852F94 /* AppDelegate.swift */; };
		FEE86B5619B1767B00852F94 /* ViewController.swift in Sources */ = {isa = PBXBuildFile; fileRef = FEE86B5519B1767B00852F94 /* ViewController.swift */; };
		FEE86B5919B1767B00852F94 /* Main.storyboard in Resources */ = {isa = PBXBuildFile; fileRef = FEE86B5719B1767B00852F94 /* Main.storyboard */; };
		FEE86B5B19B1767B00852F94 /* Images.xcassets in Resources */ = {isa = PBXBuildFile; fileRef = FEE86B5A19B1767B00852F94 /* Images.xcassets */; };
		FEE86B6719B1767B00852F94 /* Rational_ExchangeTests.swift in Sources */ = {isa = PBXBuildFile; fileRef = FEE86B6619B1767B00852F94 /* Rational_ExchangeTests.swift */; };
/* End PBXBuildFile section */

/* Begin PBXContainerItemProxy section */
		FEE86B6119B1767B00852F94 /* PBXContainerItemProxy */ = {
			isa = PBXContainerItemProxy;
			containerPortal = FEE86B4619B1767B00852F94 /* Project object */;
			proxyType = 1;
			remoteGlobalIDString = FEE86B4D19B1767B00852F94;
			remoteInfo = "Rational Exchange";
		};
/* End PBXContainerItemProxy section */

/* Begin PBXFileReference section */
		FE205DC819BD040F00A2ADD8 /* CountryListModel.swift */ = {isa = PBXFileReference; fileEncoding = 4; lastKnownFileType = sourcecode.swift; path = CountryListModel.swift; sourceTree = "<group>"; };
		FE2AFEB619B4C95B0056F0E0 /* CountryModel.swift */ = {isa = PBXFileReference; fileEncoding = 4; lastKnownFileType = sourcecode.swift; path = CountryModel.swift; sourceTree = "<group>"; };
		FE2AFEB719B4C95B0056F0E0 /* ExchangeCalculatorModel.swift */ = {isa = PBXFileReference; fileEncoding = 4; lastKnownFileType = sourcecode.swift; path = ExchangeCalculatorModel.swift; sourceTree = "<group>"; };
		FE5FC41019B299820008333D /* countries.plist */ = {isa = PBXFileReference; fileEncoding = 4; lastKnownFileType = text.plist.xml; path = countries.plist; sourceTree = "<group>"; };
		FEE86B4E19B1767B00852F94 /* RationalEx.app */ = {isa = PBXFileReference; explicitFileType = wrapper.application; includeInIndex = 0; path = RationalEx.app; sourceTree = BUILT_PRODUCTS_DIR; };
		FEE86B5219B1767B00852F94 /* Info.plist */ = {isa = PBXFileReference; lastKnownFileType = text.plist.xml; path = Info.plist; sourceTree = "<group>"; };
		FEE86B5319B1767B00852F94 /* AppDelegate.swift */ = {isa = PBXFileReference; lastKnownFileType = sourcecode.swift; path = AppDelegate.swift; sourceTree = "<group>"; };
		FEE86B5519B1767B00852F94 /* ViewController.swift */ = {isa = PBXFileReference; lastKnownFileType = sourcecode.swift; path = ViewController.swift; sourceTree = "<group>"; };
		FEE86B5819B1767B00852F94 /* Base */ = {isa = PBXFileReference; lastKnownFileType = file.storyboard; name = Base; path = Base.lproj/Main.storyboard; sourceTree = "<group>"; };
		FEE86B5A19B1767B00852F94 /* Images.xcassets */ = {isa = PBXFileReference; lastKnownFileType = folder.assetcatalog; path = Images.xcassets; sourceTree = "<group>"; };
		FEE86B6019B1767B00852F94 /* Rational ExchangeTests.xctest */ = {isa = PBXFileReference; explicitFileType = wrapper.cfbundle; includeInIndex = 0; path = "Rational ExchangeTests.xctest"; sourceTree = BUILT_PRODUCTS_DIR; };
		FEE86B6519B1767B00852F94 /* Info.plist */ = {isa = PBXFileReference; lastKnownFileType = text.plist.xml; path = Info.plist; sourceTree = "<group>"; };
		FEE86B6619B1767B00852F94 /* Rational_ExchangeTests.swift */ = {isa = PBXFileReference; lastKnownFileType = sourcecode.swift; path = Rational_ExchangeTests.swift; sourceTree = "<group>"; };
/* End PBXFileReference section */

/* Begin PBXFrameworksBuildPhase section */
		FEE86B4B19B1767B00852F94 /* Frameworks */ = {
			isa = PBXFrameworksBuildPhase;
			buildActionMask = 2147483647;
			files = (
			);
			runOnlyForDeploymentPostprocessing = 0;
		};
		FEE86B5D19B1767B00852F94 /* Frameworks */ = {
			isa = PBXFrameworksBuildPhase;
			buildActionMask = 2147483647;
			files = (
			);
			runOnlyForDeploymentPostprocessing = 0;
		};
/* End PBXFrameworksBuildPhase section */

/* Begin PBXGroup section */
		FEE86B4519B1767B00852F94 = {
			isa = PBXGroup;
			children = (
				FEE86B5019B1767B00852F94 /* Rational Exchange */,
				FEE86B6319B1767B00852F94 /* Rational ExchangeTests */,
				FEE86B4F19B1767B00852F94 /* Products */,
			);
			sourceTree = "<group>";
		};
		FEE86B4F19B1767B00852F94 /* Products */ = {
			isa = PBXGroup;
			children = (
				FEE86B4E19B1767B00852F94 /* RationalEx.app */,
				FEE86B6019B1767B00852F94 /* Rational ExchangeTests.xctest */,
			);
			name = Products;
			sourceTree = "<group>";
		};
		FEE86B5019B1767B00852F94 /* Rational Exchange */ = {
			isa = PBXGroup;
			children = (
				FE2AFEB619B4C95B0056F0E0 /* CountryModel.swift */,
				FE205DC819BD040F00A2ADD8 /* CountryListModel.swift */,
				FE2AFEB719B4C95B0056F0E0 /* ExchangeCalculatorModel.swift */,
				FEE86B5319B1767B00852F94 /* AppDelegate.swift */,
				FEE86B5519B1767B00852F94 /* ViewController.swift */,
				FE5FC41019B299820008333D /* countries.plist */,
				FEE86B5719B1767B00852F94 /* Main.storyboard */,
				FEE86B5A19B1767B00852F94 /* Images.xcassets */,
				FEE86B5119B1767B00852F94 /* Supporting Files */,
			);
			path = "Rational Exchange";
			sourceTree = "<group>";
		};
		FEE86B5119B1767B00852F94 /* Supporting Files */ = {
			isa = PBXGroup;
			children = (
				FEE86B5219B1767B00852F94 /* Info.plist */,
			);
			name = "Supporting Files";
			sourceTree = "<group>";
		};
		FEE86B6319B1767B00852F94 /* Rational ExchangeTests */ = {
			isa = PBXGroup;
			children = (
				FEE86B6619B1767B00852F94 /* Rational_ExchangeTests.swift */,
				FEE86B6419B1767B00852F94 /* Supporting Files */,
			);
			path = "Rational ExchangeTests";
			sourceTree = "<group>";
		};
		FEE86B6419B1767B00852F94 /* Supporting Files */ = {
			isa = PBXGroup;
			children = (
				FEE86B6519B1767B00852F94 /* Info.plist */,
			);
			name = "Supporting Files";
			sourceTree = "<group>";
		};
/* End PBXGroup section */

/* Begin PBXNativeTarget section */
		FEE86B4D19B1767B00852F94 /* Rational Exchange */ = {
			isa = PBXNativeTarget;
			buildConfigurationList = FEE86B6A19B1767B00852F94 /* Build configuration list for PBXNativeTarget "Rational Exchange" */;
			buildPhases = (
				FEE86B4A19B1767B00852F94 /* Sources */,
				FEE86B4B19B1767B00852F94 /* Frameworks */,
				FEE86B4C19B1767B00852F94 /* Resources */,
			);
			buildRules = (
			);
			dependencies = (
			);
			name = "Rational Exchange";
			productName = "Rational Exchange";
			productReference = FEE86B4E19B1767B00852F94 /* RationalEx.app */;
			productType = "com.apple.product-type.application";
		};
		FEE86B5F19B1767B00852F94 /* Rational ExchangeTests */ = {
			isa = PBXNativeTarget;
			buildConfigurationList = FEE86B6D19B1767B00852F94 /* Build configuration list for PBXNativeTarget "Rational ExchangeTests" */;
			buildPhases = (
				FEE86B5C19B1767B00852F94 /* Sources */,
				FEE86B5D19B1767B00852F94 /* Frameworks */,
				FEE86B5E19B1767B00852F94 /* Resources */,
			);
			buildRules = (
			);
			dependencies = (
				FEE86B6219B1767B00852F94 /* PBXTargetDependency */,
			);
			name = "Rational ExchangeTests";
			productName = "Rational ExchangeTests";
			productReference = FEE86B6019B1767B00852F94 /* Rational ExchangeTests.xctest */;
			productType = "com.apple.product-type.bundle.unit-test";
		};
/* End PBXNativeTarget section */

/* Begin PBXProject section */
		FEE86B4619B1767B00852F94 /* Project object */ = {
			isa = PBXProject;
			attributes = {
				LastUpgradeCheck = 0600;
				ORGANIZATIONNAME = vestal;
				TargetAttributes = {
					FEE86B4D19B1767B00852F94 = {
						CreatedOnToolsVersion = 6.0;
						DevelopmentTeam = X5Z48TUF78;
					};
					FEE86B5F19B1767B00852F94 = {
						CreatedOnToolsVersion = 6.0;
						DevelopmentTeam = X5Z48TUF78;
						TestTargetID = FEE86B4D19B1767B00852F94;
					};
				};
			};
			buildConfigurationList = FEE86B4919B1767B00852F94 /* Build configuration list for PBXProject "Rational Exchange" */;
			compatibilityVersion = "Xcode 3.2";
			developmentRegion = English;
			hasScannedForEncodings = 0;
			knownRegions = (
				en,
				Base,
			);
			mainGroup = FEE86B4519B1767B00852F94;
			productRefGroup = FEE86B4F19B1767B00852F94 /* Products */;
			projectDirPath = "";
			projectRoot = "";
			targets = (
				FEE86B4D19B1767B00852F94 /* Rational Exchange */,
				FEE86B5F19B1767B00852F94 /* Rational ExchangeTests */,
			);
		};
/* End PBXProject section */

/* Begin PBXResourcesBuildPhase section */
		FEE86B4C19B1767B00852F94 /* Resources */ = {
			isa = PBXResourcesBuildPhase;
			buildActionMask = 2147483647;
			files = (
				FEE86B5919B1767B00852F94 /* Main.storyboard in Resources */,
				FEE86B5B19B1767B00852F94 /* Images.xcassets in Resources */,
				FE5FC41119B299820008333D /* countries.plist in Resources */,
			);
			runOnlyForDeploymentPostprocessing = 0;
		};
		FEE86B5E19B1767B00852F94 /* Resources */ = {
			isa = PBXResourcesBuildPhase;
			buildActionMask = 2147483647;
			files = (
			);
			runOnlyForDeploymentPostprocessing = 0;
		};
/* End PBXResourcesBuildPhase section */

/* Begin PBXSourcesBuildPhase section */
		FEE86B4A19B1767B00852F94 /* Sources */ = {
			isa = PBXSourcesBuildPhase;
			buildActionMask = 2147483647;
			files = (
				FEE86B5619B1767B00852F94 /* ViewController.swift in Sources */,
				FE205DC919BD040F00A2ADD8 /* CountryListModel.swift in Sources */,
				FEE86B5419B1767B00852F94 /* AppDelegate.swift in Sources */,
				FE2AFEB919B4C95B0056F0E0 /* ExchangeCalculatorModel.swift in Sources */,
				FE2AFEB819B4C95B0056F0E0 /* CountryModel.swift in Sources */,
			);
			runOnlyForDeploymentPostprocessing = 0;
		};
		FEE86B5C19B1767B00852F94 /* Sources */ = {
			isa = PBXSourcesBuildPhase;
			buildActionMask = 2147483647;
			files = (
				FEE86B6719B1767B00852F94 /* Rational_ExchangeTests.swift in Sources */,
			);
			runOnlyForDeploymentPostprocessing = 0;
		};
/* End PBXSourcesBuildPhase section */

/* Begin PBXTargetDependency section */
		FEE86B6219B1767B00852F94 /* PBXTargetDependency */ = {
			isa = PBXTargetDependency;
			target = FEE86B4D19B1767B00852F94 /* Rational Exchange */;
			targetProxy = FEE86B6119B1767B00852F94 /* PBXContainerItemProxy */;
		};
/* End PBXTargetDependency section */

/* Begin PBXVariantGroup section */
		FEE86B5719B1767B00852F94 /* Main.storyboard */ = {
			isa = PBXVariantGroup;
			children = (
				FEE86B5819B1767B00852F94 /* Base */,
			);
			name = Main.storyboard;
			sourceTree = "<group>";
		};
/* End PBXVariantGroup section */

/* Begin XCBuildConfiguration section */
		FEE86B6819B1767B00852F94 /* Debug */ = {
			isa = XCBuildConfiguration;
			buildSettings = {
				ALWAYS_SEARCH_USER_PATHS = NO;
				CLANG_CXX_LANGUAGE_STANDARD = "gnu++0x";
				CLANG_CXX_LIBRARY = "libc++";
				CLANG_ENABLE_MODULES = YES;
				CLANG_ENABLE_OBJC_ARC = YES;
				CLANG_WARN_BOOL_CONVERSION = YES;
				CLANG_WARN_CONSTANT_CONVERSION = YES;
				CLANG_WARN_DIRECT_OBJC_ISA_USAGE = YES_ERROR;
				CLANG_WARN_EMPTY_BODY = YES;
				CLANG_WARN_ENUM_CONVERSION = YES;
				CLANG_WARN_INT_CONVERSION = YES;
				CLANG_WARN_OBJC_ROOT_CLASS = YES_ERROR;
				CLANG_WARN_UNREACHABLE_CODE = YES;
				CLANG_WARN__DUPLICATE_METHOD_MATCH = YES;
				"CODE_SIGN_IDENTITY[sdk=iphoneos*]" = "iPhone Developer";
				COPY_PHASE_STRIP = NO;
				ENABLE_STRICT_OBJC_MSGSEND = YES;
				GCC_C_LANGUAGE_STANDARD = gnu99;
				GCC_DYNAMIC_NO_PIC = NO;
				GCC_OPTIMIZATION_LEVEL = 0;
				GCC_PREPROCESSOR_DEFINITIONS = (
					"DEBUG=1",
					"$(inherited)",
				);
				GCC_SYMBOLS_PRIVATE_EXTERN = NO;
				GCC_WARN_64_TO_32_BIT_CONVERSION = YES;
				GCC_WARN_ABOUT_RETURN_TYPE = YES_ERROR;
				GCC_WARN_UNDECLARED_SELECTOR = YES;
				GCC_WARN_UNINITIALIZED_AUTOS = YES_AGGRESSIVE;
				GCC_WARN_UNUSED_FUNCTION = YES;
				GCC_WARN_UNUSED_VARIABLE = YES;
				IPHONEOS_DEPLOYMENT_TARGET = 8.0;
				MTL_ENABLE_DEBUG_INFO = YES;
				ONLY_ACTIVE_ARCH = YES;
				SDKROOT = iphoneos;
				SWIFT_OPTIMIZATION_LEVEL = "-Onone";
			};
			name = Debug;
		};
		FEE86B6919B1767B00852F94 /* Release */ = {
			isa = XCBuildConfiguration;
			buildSettings = {
				ALWAYS_SEARCH_USER_PATHS = NO;
				CLANG_CXX_LANGUAGE_STANDARD = "gnu++0x";
				CLANG_CXX_LIBRARY = "libc++";
				CLANG_ENABLE_MODULES = YES;
				CLANG_ENABLE_OBJC_ARC = YES;
				CLANG_WARN_BOOL_CONVERSION = YES;
				CLANG_WARN_CONSTANT_CONVERSION = YES;
				CLANG_WARN_DIRECT_OBJC_ISA_USAGE = YES_ERROR;
				CLANG_WARN_EMPTY_BODY = YES;
				CLANG_WARN_ENUM_CONVERSION = YES;
				CLANG_WARN_INT_CONVERSION = YES;
				CLANG_WARN_OBJC_ROOT_CLASS = YES_ERROR;
				CLANG_WARN_UNREACHABLE_CODE = YES;
				CLANG_WARN__DUPLICATE_METHOD_MATCH = YES;
				"CODE_SIGN_IDENTITY[sdk=iphoneos*]" = "iPhone Developer";
				COPY_PHASE_STRIP = YES;
				ENABLE_NS_ASSERTIONS = NO;
				ENABLE_STRICT_OBJC_MSGSEND = YES;
				GCC_C_LANGUAGE_STANDARD = gnu99;
				GCC_WARN_64_TO_32_BIT_CONVERSION = YES;
				GCC_WARN_ABOUT_RETURN_TYPE = YES_ERROR;
				GCC_WARN_UNDECLARED_SELECTOR = YES;
				GCC_WARN_UNINITIALIZED_AUTOS = YES_AGGRESSIVE;
				GCC_WARN_UNUSED_FUNCTION = YES;
				GCC_WARN_UNUSED_VARIABLE = YES;
				IPHONEOS_DEPLOYMENT_TARGET = 8.0;
				MTL_ENABLE_DEBUG_INFO = NO;
				SDKROOT = iphoneos;
				VALIDATE_PRODUCT = YES;
			};
			name = Release;
		};
		FEE86B6B19B1767B00852F94 /* Debug */ = {
			isa = XCBuildConfiguration;
			buildSettings = {
				ASSETCATALOG_COMPILER_APPICON_NAME = AppIcon;
				ASSETCATALOG_COMPILER_LAUNCHIMAGE_NAME = LaunchImage;
				CODE_SIGN_IDENTITY = "iPhone Developer: Charles Vestal (QW5KXYBYEM)";
				INFOPLIST_FILE = "Rational Exchange/Info.plist";
				IPHONEOS_DEPLOYMENT_TARGET = 7.1;
				LD_RUNPATH_SEARCH_PATHS = "$(inherited) @executable_path/Frameworks";
				PRODUCT_NAME = RationalEx;
			};
			name = Debug;
		};
		FEE86B6C19B1767B00852F94 /* Release */ = {
			isa = XCBuildConfiguration;
			buildSettings = {
				ASSETCATALOG_COMPILER_APPICON_NAME = AppIcon;
				ASSETCATALOG_COMPILER_LAUNCHIMAGE_NAME = LaunchImage;
				CODE_SIGN_IDENTITY = "iPhone Developer: Charles Vestal (QW5KXYBYEM)";
				INFOPLIST_FILE = "Rational Exchange/Info.plist";
				IPHONEOS_DEPLOYMENT_TARGET = 7.1;
				LD_RUNPATH_SEARCH_PATHS = "$(inherited) @executable_path/Frameworks";
				PRODUCT_NAME = RationalEx;
			};
			name = Release;
		};
		FEE86B6E19B1767B00852F94 /* Debug */ = {
			isa = XCBuildConfiguration;
			buildSettings = {
				BUNDLE_LOADER = "$(TEST_HOST)";
				CODE_SIGN_IDENTITY = "iPhone Developer";
				"CODE_SIGN_IDENTITY[sdk=iphoneos*]" = "iPhone Developer";
				FRAMEWORK_SEARCH_PATHS = (
					"$(SDKROOT)/Developer/Library/Frameworks",
					"$(inherited)",
				);
				GCC_PREPROCESSOR_DEFINITIONS = (
					"DEBUG=1",
					"$(inherited)",
				);
				INFOPLIST_FILE = "Rational ExchangeTests/Info.plist";
				LD_RUNPATH_SEARCH_PATHS = "$(inherited) @executable_path/Frameworks @loader_path/Frameworks";
				PRODUCT_NAME = "$(TARGET_NAME)";
				PROVISIONING_PROFILE = "";
				TEST_HOST = "$(BUILT_PRODUCTS_DIR)/Rational Exchange.app/Rational Exchange";
			};
			name = Debug;
		};
		FEE86B6F19B1767B00852F94 /* Release */ = {
			isa = XCBuildConfiguration;
			buildSettings = {
				BUNDLE_LOADER = "$(TEST_HOST)";
				CODE_SIGN_IDENTITY = "iPhone Developer";
				"CODE_SIGN_IDENTITY[sdk=iphoneos*]" = "iPhone Developer";
				FRAMEWORK_SEARCH_PATHS = (
					"$(SDKROOT)/Developer/Library/Frameworks",
					"$(inherited)",
				);
				INFOPLIST_FILE = "Rational ExchangeTests/Info.plist";
				LD_RUNPATH_SEARCH_PATHS = "$(inherited) @executable_path/Frameworks @loader_path/Frameworks";
				PRODUCT_NAME = "$(TARGET_NAME)";
				PROVISIONING_PROFILE = "";
				TEST_HOST = "$(BUILT_PRODUCTS_DIR)/Rational Exchange.app/Rational Exchange";
			};
			name = Release;
		};
/* End XCBuildConfiguration section */

/* Begin XCConfigurationList section */
		FEE86B4919B1767B00852F94 /* Build configuration list for PBXProject "Rational Exchange" */ = {
			isa = XCConfigurationList;
			buildConfigurations = (
				FEE86B6819B1767B00852F94 /* Debug */,
				FEE86B6919B1767B00852F94 /* Release */,
			);
			defaultConfigurationIsVisible = 0;
			defaultConfigurationName = Release;
		};
		FEE86B6A19B1767B00852F94 /* Build configuration list for PBXNativeTarget "Rational Exchange" */ = {
			isa = XCConfigurationList;
			buildConfigurations = (
				FEE86B6B19B1767B00852F94 /* Debug */,
				FEE86B6C19B1767B00852F94 /* Release */,
			);
			defaultConfigurationIsVisible = 0;
			defaultConfigurationName = Release;
		};
		FEE86B6D19B1767B00852F94 /* Build configuration list for PBXNativeTarget "Rational ExchangeTests" */ = {
			isa = XCConfigurationList;
			buildConfigurations = (
				FEE86B6E19B1767B00852F94 /* Debug */,
				FEE86B6F19B1767B00852F94 /* Release */,
			);
			defaultConfigurationIsVisible = 0;
			defaultConfigurationName = Release;
		};
/* End XCConfigurationList section */
	};
	rootObject = FEE86B4619B1767B00852F94 /* Project object */;
}
